{
  "originHash" : "8e668c2345aabddcac6c5310a31c492f07ced698649213e618580aa2148a5f8b",
  "pins" : [
    {
      "identity" : "sdk-swift",
      "kind" : "remoteSourceControl",
      "location" : "https://github.com/bitwarden/sdk-swift",
      "state" : {
        "revision" : "3dbc27249f48fcb88c56739ece52e2335701de0b"
      }
    }
  ],
  "version" : 3
}
